
Microsoft Visual Studio Solution File, Format Version 12.00
# Visual Studio Version 17
VisualStudioVersion = 17.1.32421.90
MinimumVisualStudioVersion = 10.0.40219.1
Project("{8BC9CEB8-8B4A-11D0-8D11-00A0C91BC942}") = "RotationCircle", "RotationCircle\RotationCircle.vcxproj", "{80E807D8-DBDD-4758-BC5F-71C6CEEF6911}"
EndProject
Global
	GlobalSection(SolutionConfigurationPlatforms) = preSolution
		Debug|x64 = Debug|x64
		Debug|x86 = Debug|x86
		Release|x64 = Release|x64
		Release|x86 = Release|x86
	EndGlobalSection
	GlobalSection(ProjectConfigurationPlatforms) = postSolution
		{80E807D8-DBDD-4758-BC5F-71C6CEEF6911}.Debug|x64.ActiveCfg = Debug|x64
		{80E807D8-DBDD-4758-BC5F-71C6CEEF6911}.Debug|x64.Build.0 = Debug|x64
		{80E807D8-DBDD-4758-BC5F-71C6CEEF6911}.Debug|x86.ActiveCfg = Debug|Win32
		{80E807D8-DBDD-4758-BC5F-71C6CEEF6911}.Debug|x86.Build.0 = Debug|Win32
		{80E807D8-DBDD-4758-BC5F-71C6CEEF6911}.Release|x64.ActiveCfg = Release|x64
		{80E807D8-DBDD-4758-BC5F-71C6CEEF6911}.Release|x64.Build.0 = Release|x64
		{80E807D8-DBDD-4758-BC5F-71C6CEEF6911}.Release|x86.ActiveCfg = Release|Win32
		{80E807D8-DBDD-4758-BC5F-71C6CEEF6911}.Release|x86.Build.0 = Release|Win32
	EndGlobalSection
	GlobalSection(SolutionProperties) = preSolution
		HideSolutionNode = FALSE
	EndGlobalSection
	GlobalSection(ExtensibilityGlobals) = postSolution
		SolutionGuid = {698DD9F7-786B-479D-88DF-4D0C691021CF}
	EndGlobalSection
EndGlobal
